lockfileVersion: '9.0'

settings:
  autoInstallPeers: true
  excludeLinksFromLockfile: false

importers:

  .:
    dependencies:
      sst:
        specifier: 3.9.26
        version: 3.9.26
    devDependencies:
      '@types/aws-lambda':
        specifier: 8.10.147
        version: 8.10.147
      typescript:
        specifier: ^5.8.2
        version: 5.8.2

packages:

  '@types/aws-lambda@8.10.147':
    resolution: {integrity: sha512-nD0Z9fNIZcxYX5Mai2CTmFD7wX7UldCkW2ezCF8D1T5hdiLsnTWDGRpfRYntU6VjTdLQjOvyszru7I1c1oCQew==}

  aws4fetch@1.0.20:
    resolution: {integrity: sha512-/djoAN709iY65ETD6LKCtyyEI04XIBP5xVvfmNxsEP0uJB5tyaGBztSryRr4HqMStr9R06PisQE7m9zDTXKu6g==}

  jose@4.15.9:
    resolution: {integrity: sha512-1vUQX+IdDMVPj4k8kOxgUqlcK518yluMuGZwqlr44FS1ppZB/5GWh4rZG89erpOBOJjU/OBsnCVFfapsRz6nEA==}

  jose@5.2.3:
    resolution: {integrity: sha512-KUXdbctm1uHVL8BYhnyHkgp3zDX5KW8ZhAKVFEfUbU2P8Alpzjb+48hHvjOdQIyPshoblhzsuqOwEEAbtHVirA==}

  lru-cache@6.0.0:
    resolution: {integrity: sha512-Jo6dJ04CmSjuznwJSS3pUeWmd/H0ffTlkXXgwZi+eq1UCmqQwCh+eLsYOYCwY991i2Fah4h1BEMCx4qThGbsiA==}
    engines: {node: '>=10'}

  object-hash@2.2.0:
    resolution: {integrity: sha512-gScRMn0bS5fH+IuwyIFgnh9zBdo4DV+6GhygmWM9HyNJSgS0hScp1f5vjtm7oIIOiT9trXrShAkLFSc2IqKNgw==}
    engines: {node: '>= 6'}

  oidc-token-hash@5.1.0:
    resolution: {integrity: sha512-y0W+X7Ppo7oZX6eovsRkuzcSM40Bicg2JEJkDJ4irIt1wsYAP5MLSNv+QAogO8xivMffw/9OvV3um1pxXgt1uA==}
    engines: {node: ^10.13.0 || >=12.0.0}

  openid-client@5.6.4:
    resolution: {integrity: sha512-T1h3B10BRPKfcObdBklX639tVz+xh34O7GjofqrqiAQdm7eHsQ00ih18x6wuJ/E6FxdtS2u3FmUGPDeEcMwzNA==}

  sst-darwin-arm64@3.9.26:
    resolution: {integrity: sha512-78GSe3obviQV3PycSo4zUfF7k8IxjS4LmHJwunFlVc4z9AzCU7F2au12+9O5jxWraVK/EnYCN/MhRMi54qMqfA==}
    cpu: [arm64]
    os: [darwin]

  sst-darwin-x64@3.9.26:
    resolution: {integrity: sha512-sOQUZCz/CcCBm5wRyRdaCe7LnO+imrgxHSgq8x4zCWBD5snElDamRtbUe7kw+3zd2ckU/fp34bDP4KfzTKARGw==}
    cpu: [x64]
    os: [darwin]

  sst-linux-arm64@3.9.26:
    resolution: {integrity: sha512-IpUA7eLjSwAvKMx92P+CJEuIZPKsDo9t/khSCoAWwkKq1EN80hV9etPhm1/jQCdB0PERoggGXT2oL/IJTLtb2g==}
    cpu: [arm64]
    os: [linux]

  sst-linux-x64@3.9.26:
    resolution: {integrity: sha512-tMNDQBSFGAFcX9Zc/9W8hsd8n9cp2vx6rMjko2sV3wbF/K0dledKGjT5EhzDAlccP6bFS3XGiIzsUfhsgZW4Ag==}
    cpu: [x64]
    os: [linux]

  sst-linux-x86@3.9.26:
    resolution: {integrity: sha512-ll1koUZ4D6peMxR8Th5DSY5UZvLXaAWmCA7vC9la0KnQZz/odJBeY2CZRwUXyntpyoGRvFJXWKhecbOoaVyzhA==}
    cpu: [x86]
    os: [linux]

  sst@3.9.26:
    resolution: {integrity: sha512-LWDRA+sYcc4cD+1sXp4RW5asVDCzrWVyqE0L1FdWxQ8vV/BN9/5TpEFulShTkom1s/CmuLh5H6+qOGO5Di7XqQ==}
    hasBin: true

  typescript@5.8.2:
    resolution: {integrity: sha512-aJn6wq13/afZp/jT9QZmwEjDqqvSGp1VT5GVg+f/t6/oVyrgXM6BY1h9BRh/O5p3PlUPAe+WuiEZOmb/49RqoQ==}
    engines: {node: '>=14.17'}
    hasBin: true

  yallist@4.0.0:
    resolution: {integrity: sha512-3wdGidZyq5PB084XLES5TpOSRA3wjXAlIWMhum2kRcv/41Sn2emQ0dycQW4uZXLejwKvg6EsvbdlVL+FYEct7A==}

snapshots:

  '@types/aws-lambda@8.10.147': {}

  aws4fetch@1.0.20: {}

  jose@4.15.9: {}

  jose@5.2.3: {}

  lru-cache@6.0.0:
    dependencies:
      yallist: 4.0.0

  object-hash@2.2.0: {}

  oidc-token-hash@5.1.0: {}

  openid-client@5.6.4:
    dependencies:
      jose: 4.15.9
      lru-cache: 6.0.0
      object-hash: 2.2.0
      oidc-token-hash: 5.1.0

  sst-darwin-arm64@3.9.26:
    optional: true

  sst-darwin-x64@3.9.26:
    optional: true

  sst-linux-arm64@3.9.26:
    optional: true

  sst-linux-x64@3.9.26:
    optional: true

  sst-linux-x86@3.9.26:
    optional: true

  sst@3.9.26:
    dependencies:
      aws4fetch: 1.0.20
      jose: 5.2.3
      openid-client: 5.6.4
    optionalDependencies:
      sst-darwin-arm64: 3.9.26
      sst-darwin-x64: 3.9.26
      sst-linux-arm64: 3.9.26
      sst-linux-x64: 3.9.26
      sst-linux-x86: 3.9.26

  typescript@5.8.2: {}

  yallist@4.0.0: {}
